
Microsoft Visual Studio Solution File, Format Version 12.00
# Visual Studio Version 17
VisualStudioVersion = 17.8.34525.116
MinimumVisualStudioVersion = 10.0.40219.1
Project("{2150E333-8FDC-42A3-9474-1A3956D46DE8}") = "src", "src", "{5F76D597-F0AD-4211-A6FD-6FC53319ACA7}"
EndProject
Project("{2150E333-8FDC-42A3-9474-1A3956D46DE8}") = "tests", "tests", "{825BFB25-0BD7-4976-80C7-BD2681179BE8}"
EndProject
Project("{9A19103F-16F7-4668-BE54-9A1E7A4F7556}") = "RocketseatAuction.API", "src\RocketseatAuction.API\RocketseatAuction.API.csproj", "{6D95F99C-9D6B-40DC-8012-75F4EE28967E}"
EndProject
Global
	GlobalSection(SolutionConfigurationPlatforms) = preSolution
		Debug|Any CPU = Debug|Any CPU
		Release|Any CPU = Release|Any CPU
	EndGlobalSection
	GlobalSection(ProjectConfigurationPlatforms) = postSolution
		{6D95F99C-9D6B-40DC-8012-75F4EE28967E}.Debug|Any CPU.ActiveCfg = Debug|Any CPU
		{6D95F99C-9D6B-40DC-8012-75F4EE28967E}.Debug|Any CPU.Build.0 = Debug|Any CPU
		{6D95F99C-9D6B-40DC-8012-75F4EE28967E}.Release|Any CPU.ActiveCfg = Release|Any CPU
		{6D95F99C-9D6B-40DC-8012-75F4EE28967E}.Release|Any CPU.Build.0 = Release|Any CPU
	EndGlobalSection
	GlobalSection(SolutionProperties) = preSolution
		HideSolutionNode = FALSE
	EndGlobalSection
	GlobalSection(NestedProjects) = preSolution
		{6D95F99C-9D6B-40DC-8012-75F4EE28967E} = {5F76D597-F0AD-4211-A6FD-6FC53319ACA7}
	EndGlobalSection
	GlobalSection(ExtensibilityGlobals) = postSolution
		SolutionGuid = {F71E11C4-97A5-405F-9BA3-3C2A14A99373}
	EndGlobalSection
EndGlobal
